
Microsoft Visual Studio Solution File, Format Version 12.00
# Visual Studio Version 16
VisualStudioVersion = 16.0.32126.315
MinimumVisualStudioVersion = 10.0.40219.1
Project("{FAE04EC0-301F-11D3-BF4B-00C04F79EFBC}") = "Prueba1", "Prueba1\Prueba1.csproj", "{4E21C76A-2AA2-4314-8AF2-67CDA4526D43}"
EndProject
Global
	GlobalSection(SolutionConfigurationPlatforms) = preSolution
		Debug|Any CPU = Debug|Any CPU
		Release|Any CPU = Release|Any CPU
	EndGlobalSection
	GlobalSection(ProjectConfigurationPlatforms) = postSolution
		{4E21C76A-2AA2-4314-8AF2-67CDA4526D43}.Debug|Any CPU.ActiveCfg = Debug|Any CPU
		{4E21C76A-2AA2-4314-8AF2-67CDA4526D43}.Debug|Any CPU.Build.0 = Debug|Any CPU
		{4E21C76A-2AA2-4314-8AF2-67CDA4526D43}.Release|Any CPU.ActiveCfg = Release|Any CPU
		{4E21C76A-2AA2-4314-8AF2-67CDA4526D43}.Release|Any CPU.Build.0 = Release|Any CPU
	EndGlobalSection
	GlobalSection(SolutionProperties) = preSolution
		HideSolutionNode = FALSE
	EndGlobalSection
	GlobalSection(ExtensibilityGlobals) = postSolution
		SolutionGuid = {D9225412-ADB4-4095-A2F0-CFAC007F5C6E}
	EndGlobalSection
EndGlobal
